
Microsoft Visual Studio Solution File, Format Version 12.00
# Visual Studio Express 2013 for Windows Desktop
VisualStudioVersion = 12.0.21005.1
MinimumVisualStudioVersion = 10.0.40219.1
Project("{8BC9CEB8-8B4A-11D0-8D11-00A0C91BC942}") = "Editor", "Editor.vcxproj", "{FF6F021F-4173-464A-8496-979C3E1F5C9C}"
EndProject
Project("{8BC9CEB8-8B4A-11D0-8D11-00A0C91BC942}") = "Core", "..\..\src\Core\Core.vcxproj", "{BF66B9B2-1853-4A8E-9953-FAB9AF8630DB}"
EndProject
Project("{8BC9CEB8-8B4A-11D0-8D11-00A0C91BC942}") = "Lzpy", "..\..\src\Lzpy\Lzpy.vcxproj", "{565187CB-A76B-4B7F-96A4-56DD1FFE9628}"
EndProject
Project("{8BC9CEB8-8B4A-11D0-8D11-00A0C91BC942}") = "Lzui", "..\..\src\Lzui\Lzui.vcxproj", "{528DEBDD-0756-491B-A2AB-5C993B0361E4}"
EndProject
Project("{8BC9CEB8-8B4A-11D0-8D11-00A0C91BC942}") = "Physics", "..\..\src\Physics\Physics.vcxproj", "{05A30C55-A7E9-45CB-A40A-46CABAD6A77E}"
EndProject
Project("{8BC9CEB8-8B4A-11D0-8D11-00A0C91BC942}") = "PyScript", "..\..\src\PyScript\PyScript.vcxproj", "{D75FC8B3-2026-4D50-8E89-35950D042C83}"
EndProject
Project("{8BC9CEB8-8B4A-11D0-8D11-00A0C91BC942}") = "Render", "..\..\src\Render\Render.vcxproj", "{4719EC88-9005-4157-BEF6-E77F304E3F24}"
EndProject
Project("{8BC9CEB8-8B4A-11D0-8D11-00A0C91BC942}") = "utility", "..\..\src\utility\utility.vcxproj", "{88DE6072-BE2C-43FF-BBCE-35B197CE66EA}"
EndProject
Global
	GlobalSection(SolutionConfigurationPlatforms) = preSolution
		Debug_Script|Win32 = Debug_Script|Win32
		Debug|Win32 = Debug|Win32
		Release_Script|Win32 = Release_Script|Win32
		Release|Win32 = Release|Win32
	EndGlobalSection
	GlobalSection(ProjectConfigurationPlatforms) = postSolution
		{FF6F021F-4173-464A-8496-979C3E1F5C9C}.Debug_Script|Win32.ActiveCfg = Debug|Win32
		{FF6F021F-4173-464A-8496-979C3E1F5C9C}.Debug_Script|Win32.Build.0 = Debug|Win32
		{FF6F021F-4173-464A-8496-979C3E1F5C9C}.Debug|Win32.ActiveCfg = Debug|Win32
		{FF6F021F-4173-464A-8496-979C3E1F5C9C}.Debug|Win32.Build.0 = Debug|Win32
		{FF6F021F-4173-464A-8496-979C3E1F5C9C}.Release_Script|Win32.ActiveCfg = Release|Win32
		{FF6F021F-4173-464A-8496-979C3E1F5C9C}.Release_Script|Win32.Build.0 = Release|Win32
		{FF6F021F-4173-464A-8496-979C3E1F5C9C}.Release|Win32.ActiveCfg = Release|Win32
		{FF6F021F-4173-464A-8496-979C3E1F5C9C}.Release|Win32.Build.0 = Release|Win32
		{BF66B9B2-1853-4A8E-9953-FAB9AF8630DB}.Debug_Script|Win32.ActiveCfg = Debug|Win32
		{BF66B9B2-1853-4A8E-9953-FAB9AF8630DB}.Debug_Script|Win32.Build.0 = Debug|Win32
		{BF66B9B2-1853-4A8E-9953-FAB9AF8630DB}.Debug|Win32.ActiveCfg = Debug|Win32
		{BF66B9B2-1853-4A8E-9953-FAB9AF8630DB}.Debug|Win32.Build.0 = Debug|Win32
		{BF66B9B2-1853-4A8E-9953-FAB9AF8630DB}.Release_Script|Win32.ActiveCfg = Release|Win32
		{BF66B9B2-1853-4A8E-9953-FAB9AF8630DB}.Release_Script|Win32.Build.0 = Release|Win32
		{BF66B9B2-1853-4A8E-9953-FAB9AF8630DB}.Release|Win32.ActiveCfg = Release|Win32
		{BF66B9B2-1853-4A8E-9953-FAB9AF8630DB}.Release|Win32.Build.0 = Release|Win32
		{565187CB-A76B-4B7F-96A4-56DD1FFE9628}.Debug_Script|Win32.ActiveCfg = Debug|Win32
		{565187CB-A76B-4B7F-96A4-56DD1FFE9628}.Debug_Script|Win32.Build.0 = Debug|Win32
		{565187CB-A76B-4B7F-96A4-56DD1FFE9628}.Debug|Win32.ActiveCfg = Debug|Win32
		{565187CB-A76B-4B7F-96A4-56DD1FFE9628}.Debug|Win32.Build.0 = Debug|Win32
		{565187CB-A76B-4B7F-96A4-56DD1FFE9628}.Release_Script|Win32.ActiveCfg = Release|Win32
		{565187CB-A76B-4B7F-96A4-56DD1FFE9628}.Release_Script|Win32.Build.0 = Release|Win32
		{565187CB-A76B-4B7F-96A4-56DD1FFE9628}.Release|Win32.ActiveCfg = Release|Win32
		{565187CB-A76B-4B7F-96A4-56DD1FFE9628}.Release|Win32.Build.0 = Release|Win32
		{528DEBDD-0756-491B-A2AB-5C993B0361E4}.Debug_Script|Win32.ActiveCfg = Debug|Win32
		{528DEBDD-0756-491B-A2AB-5C993B0361E4}.Debug_Script|Win32.Build.0 = Debug|Win32
		{528DEBDD-0756-491B-A2AB-5C993B0361E4}.Debug|Win32.ActiveCfg = Debug|Win32
		{528DEBDD-0756-491B-A2AB-5C993B0361E4}.Debug|Win32.Build.0 = Debug|Win32
		{528DEBDD-0756-491B-A2AB-5C993B0361E4}.Release_Script|Win32.ActiveCfg = Release|Win32
		{528DEBDD-0756-491B-A2AB-5C993B0361E4}.Release_Script|Win32.Build.0 = Release|Win32
		{528DEBDD-0756-491B-A2AB-5C993B0361E4}.Release|Win32.ActiveCfg = Release|Win32
		{528DEBDD-0756-491B-A2AB-5C993B0361E4}.Release|Win32.Build.0 = Release|Win32
		{05A30C55-A7E9-45CB-A40A-46CABAD6A77E}.Debug_Script|Win32.ActiveCfg = Debug|Win32
		{05A30C55-A7E9-45CB-A40A-46CABAD6A77E}.Debug_Script|Win32.Build.0 = Debug|Win32
		{05A30C55-A7E9-45CB-A40A-46CABAD6A77E}.Debug|Win32.ActiveCfg = Debug|Win32
		{05A30C55-A7E9-45CB-A40A-46CABAD6A77E}.Debug|Win32.Build.0 = Debug|Win32
		{05A30C55-A7E9-45CB-A40A-46CABAD6A77E}.Release_Script|Win32.ActiveCfg = Release|Win32
		{05A30C55-A7E9-45CB-A40A-46CABAD6A77E}.Release_Script|Win32.Build.0 = Release|Win32
		{05A30C55-A7E9-45CB-A40A-46CABAD6A77E}.Release|Win32.ActiveCfg = Release|Win32
		{05A30C55-A7E9-45CB-A40A-46CABAD6A77E}.Release|Win32.Build.0 = Release|Win32
		{D75FC8B3-2026-4D50-8E89-35950D042C83}.Debug_Script|Win32.ActiveCfg = Debug|Win32
		{D75FC8B3-2026-4D50-8E89-35950D042C83}.Debug_Script|Win32.Build.0 = Debug|Win32
		{D75FC8B3-2026-4D50-8E89-35950D042C83}.Debug|Win32.ActiveCfg = Debug|Win32
		{D75FC8B3-2026-4D50-8E89-35950D042C83}.Debug|Win32.Build.0 = Debug|Win32
		{D75FC8B3-2026-4D50-8E89-35950D042C83}.Release_Script|Win32.ActiveCfg = Release|Win32
		{D75FC8B3-2026-4D50-8E89-35950D042C83}.Release_Script|Win32.Build.0 = Release|Win32
		{D75FC8B3-2026-4D50-8E89-35950D042C83}.Release|Win32.ActiveCfg = Release|Win32
		{D75FC8B3-2026-4D50-8E89-35950D042C83}.Release|Win32.Build.0 = Release|Win32
		{4719EC88-9005-4157-BEF6-E77F304E3F24}.Debug_Script|Win32.ActiveCfg = Debug|Win32
		{4719EC88-9005-4157-BEF6-E77F304E3F24}.Debug_Script|Win32.Build.0 = Debug|Win32
		{4719EC88-9005-4157-BEF6-E77F304E3F24}.Debug|Win32.ActiveCfg = Debug|Win32
		{4719EC88-9005-4157-BEF6-E77F304E3F24}.Debug|Win32.Build.0 = Debug|Win32
		{4719EC88-9005-4157-BEF6-E77F304E3F24}.Release_Script|Win32.ActiveCfg = Release|Win32
		{4719EC88-9005-4157-BEF6-E77F304E3F24}.Release_Script|Win32.Build.0 = Release|Win32
		{4719EC88-9005-4157-BEF6-E77F304E3F24}.Release|Win32.ActiveCfg = Release|Win32
		{4719EC88-9005-4157-BEF6-E77F304E3F24}.Release|Win32.Build.0 = Release|Win32
		{88DE6072-BE2C-43FF-BBCE-35B197CE66EA}.Debug_Script|Win32.ActiveCfg = Debug|Win32
		{88DE6072-BE2C-43FF-BBCE-35B197CE66EA}.Debug_Script|Win32.Build.0 = Debug|Win32
		{88DE6072-BE2C-43FF-BBCE-35B197CE66EA}.Debug|Win32.ActiveCfg = Debug|Win32
		{88DE6072-BE2C-43FF-BBCE-35B197CE66EA}.Debug|Win32.Build.0 = Debug|Win32
		{88DE6072-BE2C-43FF-BBCE-35B197CE66EA}.Release_Script|Win32.ActiveCfg = Release|Win32
		{88DE6072-BE2C-43FF-BBCE-35B197CE66EA}.Release_Script|Win32.Build.0 = Release|Win32
		{88DE6072-BE2C-43FF-BBCE-35B197CE66EA}.Release|Win32.ActiveCfg = Release|Win32
		{88DE6072-BE2C-43FF-BBCE-35B197CE66EA}.Release|Win32.Build.0 = Release|Win32
	EndGlobalSection
	GlobalSection(SolutionProperties) = preSolution
		HideSolutionNode = FALSE
	EndGlobalSection
EndGlobal
