
Microsoft Visual Studio Solution File, Format Version 12.00
# Visual Studio Express 2013 for Windows Desktop
VisualStudioVersion = 12.0.20623.1 VSUPREVIEW
MinimumVisualStudioVersion = 10.0.40219.1
Project("{8BC9CEB8-8B4A-11D0-8D11-00A0C91BC942}") = "TestLZGUI", "TestLZGUI.vcxproj", "{57822DD8-7A71-4FBF-B82E-FB9D4095857E}"
	ProjectSection(ProjectDependencies) = postProject
		{D195A247-64D4-4B4D-A821-BEFCCDE9B09D} = {D195A247-64D4-4B4D-A821-BEFCCDE9B09D}
		{05A30C55-A7E9-45CB-A40A-46CABAD6A77E} = {05A30C55-A7E9-45CB-A40A-46CABAD6A77E}
		{3AC4C568-9DB8-47FA-8317-92E8DBD9175D} = {3AC4C568-9DB8-47FA-8317-92E8DBD9175D}
		{88DE6072-BE2C-43FF-BBCE-35B197CE66EA} = {88DE6072-BE2C-43FF-BBCE-35B197CE66EA}
		{4719EC88-9005-4157-BEF6-E77F304E3F24} = {4719EC88-9005-4157-BEF6-E77F304E3F24}
		{BF66B9B2-1853-4A8E-9953-FAB9AF8630DB} = {BF66B9B2-1853-4A8E-9953-FAB9AF8630DB}
	EndProjectSection
EndProject
Project("{8BC9CEB8-8B4A-11D0-8D11-00A0C91BC942}") = "Core", "..\..\src\Core\Core.vcxproj", "{BF66B9B2-1853-4A8E-9953-FAB9AF8630DB}"
EndProject
Project("{8BC9CEB8-8B4A-11D0-8D11-00A0C91BC942}") = "Font", "..\..\src\Font\Font.vcxproj", "{D195A247-64D4-4B4D-A821-BEFCCDE9B09D}"
EndProject
Project("{8BC9CEB8-8B4A-11D0-8D11-00A0C91BC942}") = "Render", "..\..\src\Render\Render.vcxproj", "{4719EC88-9005-4157-BEF6-E77F304E3F24}"
EndProject
Project("{8BC9CEB8-8B4A-11D0-8D11-00A0C91BC942}") = "utility", "..\..\src\utility\utility.vcxproj", "{88DE6072-BE2C-43FF-BBCE-35B197CE66EA}"
EndProject
Project("{8BC9CEB8-8B4A-11D0-8D11-00A0C91BC942}") = "LZGUI", "..\..\src\LZGUI\LZGUI.vcxproj", "{3AC4C568-9DB8-47FA-8317-92E8DBD9175D}"
EndProject
Project("{8BC9CEB8-8B4A-11D0-8D11-00A0C91BC942}") = "Physics", "..\..\src\Physics\Physics.vcxproj", "{05A30C55-A7E9-45CB-A40A-46CABAD6A77E}"
EndProject
Project("{8BC9CEB8-8B4A-11D0-8D11-00A0C91BC942}") = "Math", "..\..\src\Math\Math.vcxproj", "{6E1D431E-CA1A-4BAC-AAF5-2F2829806A94}"
EndProject
Global
	GlobalSection(SolutionConfigurationPlatforms) = preSolution
		Debug|Win32 = Debug|Win32
		Release|Win32 = Release|Win32
		static_debug|Win32 = static_debug|Win32
		static_release|Win32 = static_release|Win32
	EndGlobalSection
	GlobalSection(ProjectConfigurationPlatforms) = postSolution
		{57822DD8-7A71-4FBF-B82E-FB9D4095857E}.Debug|Win32.ActiveCfg = Debug|Win32
		{57822DD8-7A71-4FBF-B82E-FB9D4095857E}.Debug|Win32.Build.0 = Debug|Win32
		{57822DD8-7A71-4FBF-B82E-FB9D4095857E}.Release|Win32.ActiveCfg = Release|Win32
		{57822DD8-7A71-4FBF-B82E-FB9D4095857E}.Release|Win32.Build.0 = Release|Win32
		{57822DD8-7A71-4FBF-B82E-FB9D4095857E}.static_debug|Win32.ActiveCfg = Release|Win32
		{57822DD8-7A71-4FBF-B82E-FB9D4095857E}.static_debug|Win32.Build.0 = Release|Win32
		{57822DD8-7A71-4FBF-B82E-FB9D4095857E}.static_release|Win32.ActiveCfg = Release|Win32
		{57822DD8-7A71-4FBF-B82E-FB9D4095857E}.static_release|Win32.Build.0 = Release|Win32
		{BF66B9B2-1853-4A8E-9953-FAB9AF8630DB}.Debug|Win32.ActiveCfg = Debug|Win32
		{BF66B9B2-1853-4A8E-9953-FAB9AF8630DB}.Debug|Win32.Build.0 = Debug|Win32
		{BF66B9B2-1853-4A8E-9953-FAB9AF8630DB}.Release|Win32.ActiveCfg = Release|Win32
		{BF66B9B2-1853-4A8E-9953-FAB9AF8630DB}.Release|Win32.Build.0 = Release|Win32
		{BF66B9B2-1853-4A8E-9953-FAB9AF8630DB}.static_debug|Win32.ActiveCfg = static_debug|Win32
		{BF66B9B2-1853-4A8E-9953-FAB9AF8630DB}.static_debug|Win32.Build.0 = static_debug|Win32
		{BF66B9B2-1853-4A8E-9953-FAB9AF8630DB}.static_release|Win32.ActiveCfg = static_release|Win32
		{BF66B9B2-1853-4A8E-9953-FAB9AF8630DB}.static_release|Win32.Build.0 = static_release|Win32
		{D195A247-64D4-4B4D-A821-BEFCCDE9B09D}.Debug|Win32.ActiveCfg = Debug|Win32
		{D195A247-64D4-4B4D-A821-BEFCCDE9B09D}.Debug|Win32.Build.0 = Debug|Win32
		{D195A247-64D4-4B4D-A821-BEFCCDE9B09D}.Release|Win32.ActiveCfg = Release|Win32
		{D195A247-64D4-4B4D-A821-BEFCCDE9B09D}.Release|Win32.Build.0 = Release|Win32
		{D195A247-64D4-4B4D-A821-BEFCCDE9B09D}.static_debug|Win32.ActiveCfg = Release|Win32
		{D195A247-64D4-4B4D-A821-BEFCCDE9B09D}.static_debug|Win32.Build.0 = Release|Win32
		{D195A247-64D4-4B4D-A821-BEFCCDE9B09D}.static_release|Win32.ActiveCfg = Release|Win32
		{D195A247-64D4-4B4D-A821-BEFCCDE9B09D}.static_release|Win32.Build.0 = Release|Win32
		{4719EC88-9005-4157-BEF6-E77F304E3F24}.Debug|Win32.ActiveCfg = Debug|Win32
		{4719EC88-9005-4157-BEF6-E77F304E3F24}.Debug|Win32.Build.0 = Debug|Win32
		{4719EC88-9005-4157-BEF6-E77F304E3F24}.Release|Win32.ActiveCfg = Release|Win32
		{4719EC88-9005-4157-BEF6-E77F304E3F24}.Release|Win32.Build.0 = Release|Win32
		{4719EC88-9005-4157-BEF6-E77F304E3F24}.static_debug|Win32.ActiveCfg = Release|Win32
		{4719EC88-9005-4157-BEF6-E77F304E3F24}.static_debug|Win32.Build.0 = Release|Win32
		{4719EC88-9005-4157-BEF6-E77F304E3F24}.static_release|Win32.ActiveCfg = Release|Win32
		{4719EC88-9005-4157-BEF6-E77F304E3F24}.static_release|Win32.Build.0 = Release|Win32
		{88DE6072-BE2C-43FF-BBCE-35B197CE66EA}.Debug|Win32.ActiveCfg = Debug|Win32
		{88DE6072-BE2C-43FF-BBCE-35B197CE66EA}.Debug|Win32.Build.0 = Debug|Win32
		{88DE6072-BE2C-43FF-BBCE-35B197CE66EA}.Release|Win32.ActiveCfg = Release|Win32
		{88DE6072-BE2C-43FF-BBCE-35B197CE66EA}.Release|Win32.Build.0 = Release|Win32
		{88DE6072-BE2C-43FF-BBCE-35B197CE66EA}.static_debug|Win32.ActiveCfg = Release|Win32
		{88DE6072-BE2C-43FF-BBCE-35B197CE66EA}.static_debug|Win32.Build.0 = Release|Win32
		{88DE6072-BE2C-43FF-BBCE-35B197CE66EA}.static_release|Win32.ActiveCfg = Release|Win32
		{88DE6072-BE2C-43FF-BBCE-35B197CE66EA}.static_release|Win32.Build.0 = Release|Win32
		{3AC4C568-9DB8-47FA-8317-92E8DBD9175D}.Debug|Win32.ActiveCfg = Debug|Win32
		{3AC4C568-9DB8-47FA-8317-92E8DBD9175D}.Debug|Win32.Build.0 = Debug|Win32
		{3AC4C568-9DB8-47FA-8317-92E8DBD9175D}.Release|Win32.ActiveCfg = Release|Win32
		{3AC4C568-9DB8-47FA-8317-92E8DBD9175D}.Release|Win32.Build.0 = Release|Win32
		{3AC4C568-9DB8-47FA-8317-92E8DBD9175D}.static_debug|Win32.ActiveCfg = static_debug|Win32
		{3AC4C568-9DB8-47FA-8317-92E8DBD9175D}.static_debug|Win32.Build.0 = static_debug|Win32
		{3AC4C568-9DB8-47FA-8317-92E8DBD9175D}.static_release|Win32.ActiveCfg = static_release|Win32
		{3AC4C568-9DB8-47FA-8317-92E8DBD9175D}.static_release|Win32.Build.0 = static_release|Win32
		{05A30C55-A7E9-45CB-A40A-46CABAD6A77E}.Debug|Win32.ActiveCfg = Debug|Win32
		{05A30C55-A7E9-45CB-A40A-46CABAD6A77E}.Debug|Win32.Build.0 = Debug|Win32
		{05A30C55-A7E9-45CB-A40A-46CABAD6A77E}.Release|Win32.ActiveCfg = Release|Win32
		{05A30C55-A7E9-45CB-A40A-46CABAD6A77E}.Release|Win32.Build.0 = Release|Win32
		{05A30C55-A7E9-45CB-A40A-46CABAD6A77E}.static_debug|Win32.ActiveCfg = Release|Win32
		{05A30C55-A7E9-45CB-A40A-46CABAD6A77E}.static_debug|Win32.Build.0 = Release|Win32
		{05A30C55-A7E9-45CB-A40A-46CABAD6A77E}.static_release|Win32.ActiveCfg = Release|Win32
		{05A30C55-A7E9-45CB-A40A-46CABAD6A77E}.static_release|Win32.Build.0 = Release|Win32
		{6E1D431E-CA1A-4BAC-AAF5-2F2829806A94}.Debug|Win32.ActiveCfg = Debug|Win32
		{6E1D431E-CA1A-4BAC-AAF5-2F2829806A94}.Debug|Win32.Build.0 = Debug|Win32
		{6E1D431E-CA1A-4BAC-AAF5-2F2829806A94}.Release|Win32.ActiveCfg = Release|Win32
		{6E1D431E-CA1A-4BAC-AAF5-2F2829806A94}.Release|Win32.Build.0 = Release|Win32
		{6E1D431E-CA1A-4BAC-AAF5-2F2829806A94}.static_debug|Win32.ActiveCfg = Release|Win32
		{6E1D431E-CA1A-4BAC-AAF5-2F2829806A94}.static_debug|Win32.Build.0 = Release|Win32
		{6E1D431E-CA1A-4BAC-AAF5-2F2829806A94}.static_release|Win32.ActiveCfg = Release|Win32
		{6E1D431E-CA1A-4BAC-AAF5-2F2829806A94}.static_release|Win32.Build.0 = Release|Win32
	EndGlobalSection
	GlobalSection(SolutionProperties) = preSolution
		HideSolutionNode = FALSE
	EndGlobalSection
EndGlobal
