<?xml version="1.0" encoding="utf-8"?>
<Project ToolsVersion="4.0" xmlns="http://schemas.microsoft.com/developer/msbuild/2003">
  <ItemGroup>
    <None Include="ReadMe.txt" />
  </ItemGroup>
  <ItemGroup>
    <ClInclude Include="Lzpy.h" />
    <ClInclude Include="LzpyBase.h" />
    <ClInclude Include="LzpyConfig.h" />
    <ClInclude Include="LzpyDict.h" />
    <ClInclude Include="LzpyEmbed.h" />
    <ClInclude Include="LzpyExtend.h" />
    <ClInclude Include="LzpyExtendHelper.h" />
    <ClInclude Include="LzpyExtendMacro.h" />
    <ClInclude Include="LzpyList.h" />
    <ClInclude Include="LzpyObject.h" />
    <ClInclude Include="LzpyOutput.h" />
    <ClInclude Include="LzpyStr.h" />
    <ClInclude Include="LzpyTuple.h" />
    <ClInclude Include="stdafx.h" />
    <ClInclude Include="targetver.h" />
  </ItemGroup>
  <ItemGroup>
    <ClCompile Include="LzpyBase.cpp" />
    <ClCompile Include="LzpyDict.cpp" />
    <ClCompile Include="LzpyEmbed.cpp" />
    <ClCompile Include="LzpyExtend.cpp" />
    <ClCompile Include="LzpyExtendHelper.cpp" />
    <ClCompile Include="LzpyList.cpp" />
    <ClCompile Include="LzpyObject.cpp" />
    <ClCompile Include="LzpyOutput.cpp" />
    <ClCompile Include="LzpyStr.cpp" />
    <ClCompile Include="LzpyTuple.cpp" />
    <ClCompile Include="stdafx.cpp" />
  </ItemGroup>
</Project>