
Microsoft Visual Studio Solution File, Format Version 12.00
# Visual Studio Express 2013 for Windows Desktop
VisualStudioVersion = 12.0.21005.1
MinimumVisualStudioVersion = 10.0.40219.1
Project("{8BC9CEB8-8B4A-11D0-8D11-00A0C91BC942}") = "UsePyWrapper", "UsePyWrapper.vcxproj", "{D9A7E2A4-C64A-4F5D-8A0F-8B3136213526}"
EndProject
Project("{8BC9CEB8-8B4A-11D0-8D11-00A0C91BC942}") = "Core", "..\..\src\Core\Core.vcxproj", "{BF66B9B2-1853-4A8E-9953-FAB9AF8630DB}"
EndProject
Project("{8BC9CEB8-8B4A-11D0-8D11-00A0C91BC942}") = "Font", "..\..\src\Font\Font.vcxproj", "{D195A247-64D4-4B4D-A821-BEFCCDE9B09D}"
EndProject
Project("{8BC9CEB8-8B4A-11D0-8D11-00A0C91BC942}") = "Math", "..\..\src\Math\Math.vcxproj", "{6E1D431E-CA1A-4BAC-AAF5-2F2829806A94}"
EndProject
Project("{8BC9CEB8-8B4A-11D0-8D11-00A0C91BC942}") = "Render", "..\..\src\Render\Render.vcxproj", "{4719EC88-9005-4157-BEF6-E77F304E3F24}"
EndProject
Project("{8BC9CEB8-8B4A-11D0-8D11-00A0C91BC942}") = "Physics", "..\..\src\Physics\Physics.vcxproj", "{05A30C55-A7E9-45CB-A40A-46CABAD6A77E}"
EndProject
Project("{8BC9CEB8-8B4A-11D0-8D11-00A0C91BC942}") = "pyWraper", "..\..\src\PyWraper\pyWraper.vcxproj", "{751A003B-E140-450A-96F8-90367840EB57}"
EndProject
Project("{8BC9CEB8-8B4A-11D0-8D11-00A0C91BC942}") = "utility", "..\..\src\utility\utility.vcxproj", "{88DE6072-BE2C-43FF-BBCE-35B197CE66EA}"
EndProject
Project("{8BC9CEB8-8B4A-11D0-8D11-00A0C91BC942}") = "LazyUI", "..\..\src\LazyUI\LazyUI.vcxproj", "{528DEBDD-0756-491B-A2AB-5C993B0361E4}"
EndProject
Global
	GlobalSection(SolutionConfigurationPlatforms) = preSolution
		Debug_Boost|Win32 = Debug_Boost|Win32
		Debug|Win32 = Debug|Win32
		Release_Boost|Win32 = Release_Boost|Win32
		Release|Win32 = Release|Win32
		slib_debug|Win32 = slib_debug|Win32
		slib_release|Win32 = slib_release|Win32
		static_debug|Win32 = static_debug|Win32
		static_release|Win32 = static_release|Win32
	EndGlobalSection
	GlobalSection(ProjectConfigurationPlatforms) = postSolution
		{D9A7E2A4-C64A-4F5D-8A0F-8B3136213526}.Debug_Boost|Win32.ActiveCfg = Debug|Win32
		{D9A7E2A4-C64A-4F5D-8A0F-8B3136213526}.Debug_Boost|Win32.Build.0 = Debug|Win32
		{D9A7E2A4-C64A-4F5D-8A0F-8B3136213526}.Debug|Win32.ActiveCfg = Debug|Win32
		{D9A7E2A4-C64A-4F5D-8A0F-8B3136213526}.Debug|Win32.Build.0 = Debug|Win32
		{D9A7E2A4-C64A-4F5D-8A0F-8B3136213526}.Release_Boost|Win32.ActiveCfg = Release|Win32
		{D9A7E2A4-C64A-4F5D-8A0F-8B3136213526}.Release_Boost|Win32.Build.0 = Release|Win32
		{D9A7E2A4-C64A-4F5D-8A0F-8B3136213526}.Release|Win32.ActiveCfg = Release|Win32
		{D9A7E2A4-C64A-4F5D-8A0F-8B3136213526}.Release|Win32.Build.0 = Release|Win32
		{D9A7E2A4-C64A-4F5D-8A0F-8B3136213526}.slib_debug|Win32.ActiveCfg = slib_debug|Win32
		{D9A7E2A4-C64A-4F5D-8A0F-8B3136213526}.slib_debug|Win32.Build.0 = slib_debug|Win32
		{D9A7E2A4-C64A-4F5D-8A0F-8B3136213526}.slib_release|Win32.ActiveCfg = slib_release|Win32
		{D9A7E2A4-C64A-4F5D-8A0F-8B3136213526}.slib_release|Win32.Build.0 = slib_release|Win32
		{D9A7E2A4-C64A-4F5D-8A0F-8B3136213526}.static_debug|Win32.ActiveCfg = slib_release|Win32
		{D9A7E2A4-C64A-4F5D-8A0F-8B3136213526}.static_debug|Win32.Build.0 = slib_release|Win32
		{D9A7E2A4-C64A-4F5D-8A0F-8B3136213526}.static_release|Win32.ActiveCfg = slib_release|Win32
		{D9A7E2A4-C64A-4F5D-8A0F-8B3136213526}.static_release|Win32.Build.0 = slib_release|Win32
		{BF66B9B2-1853-4A8E-9953-FAB9AF8630DB}.Debug_Boost|Win32.ActiveCfg = Debug_Boost|Win32
		{BF66B9B2-1853-4A8E-9953-FAB9AF8630DB}.Debug_Boost|Win32.Build.0 = Debug_Boost|Win32
		{BF66B9B2-1853-4A8E-9953-FAB9AF8630DB}.Debug|Win32.ActiveCfg = Debug|Win32
		{BF66B9B2-1853-4A8E-9953-FAB9AF8630DB}.Debug|Win32.Build.0 = Debug|Win32
		{BF66B9B2-1853-4A8E-9953-FAB9AF8630DB}.Release_Boost|Win32.ActiveCfg = Release_Boost|Win32
		{BF66B9B2-1853-4A8E-9953-FAB9AF8630DB}.Release_Boost|Win32.Build.0 = Release_Boost|Win32
		{BF66B9B2-1853-4A8E-9953-FAB9AF8630DB}.Release|Win32.ActiveCfg = Release|Win32
		{BF66B9B2-1853-4A8E-9953-FAB9AF8630DB}.Release|Win32.Build.0 = Release|Win32
		{BF66B9B2-1853-4A8E-9953-FAB9AF8630DB}.slib_debug|Win32.ActiveCfg = static_release|Win32
		{BF66B9B2-1853-4A8E-9953-FAB9AF8630DB}.slib_debug|Win32.Build.0 = static_release|Win32
		{BF66B9B2-1853-4A8E-9953-FAB9AF8630DB}.slib_release|Win32.ActiveCfg = static_release|Win32
		{BF66B9B2-1853-4A8E-9953-FAB9AF8630DB}.slib_release|Win32.Build.0 = static_release|Win32
		{BF66B9B2-1853-4A8E-9953-FAB9AF8630DB}.static_debug|Win32.ActiveCfg = static_debug|Win32
		{BF66B9B2-1853-4A8E-9953-FAB9AF8630DB}.static_debug|Win32.Build.0 = static_debug|Win32
		{BF66B9B2-1853-4A8E-9953-FAB9AF8630DB}.static_release|Win32.ActiveCfg = static_release|Win32
		{BF66B9B2-1853-4A8E-9953-FAB9AF8630DB}.static_release|Win32.Build.0 = static_release|Win32
		{D195A247-64D4-4B4D-A821-BEFCCDE9B09D}.Debug_Boost|Win32.ActiveCfg = Debug_Boost|Win32
		{D195A247-64D4-4B4D-A821-BEFCCDE9B09D}.Debug_Boost|Win32.Build.0 = Debug_Boost|Win32
		{D195A247-64D4-4B4D-A821-BEFCCDE9B09D}.Debug|Win32.ActiveCfg = Debug|Win32
		{D195A247-64D4-4B4D-A821-BEFCCDE9B09D}.Debug|Win32.Build.0 = Debug|Win32
		{D195A247-64D4-4B4D-A821-BEFCCDE9B09D}.Release_Boost|Win32.ActiveCfg = Release_Boost|Win32
		{D195A247-64D4-4B4D-A821-BEFCCDE9B09D}.Release_Boost|Win32.Build.0 = Release_Boost|Win32
		{D195A247-64D4-4B4D-A821-BEFCCDE9B09D}.Release|Win32.ActiveCfg = Release|Win32
		{D195A247-64D4-4B4D-A821-BEFCCDE9B09D}.Release|Win32.Build.0 = Release|Win32
		{D195A247-64D4-4B4D-A821-BEFCCDE9B09D}.slib_debug|Win32.ActiveCfg = Debug_Boost|Win32
		{D195A247-64D4-4B4D-A821-BEFCCDE9B09D}.slib_debug|Win32.Build.0 = Debug_Boost|Win32
		{D195A247-64D4-4B4D-A821-BEFCCDE9B09D}.slib_release|Win32.ActiveCfg = Debug_Boost|Win32
		{D195A247-64D4-4B4D-A821-BEFCCDE9B09D}.slib_release|Win32.Build.0 = Debug_Boost|Win32
		{D195A247-64D4-4B4D-A821-BEFCCDE9B09D}.static_debug|Win32.ActiveCfg = Debug_Boost|Win32
		{D195A247-64D4-4B4D-A821-BEFCCDE9B09D}.static_debug|Win32.Build.0 = Debug_Boost|Win32
		{D195A247-64D4-4B4D-A821-BEFCCDE9B09D}.static_release|Win32.ActiveCfg = Debug_Boost|Win32
		{D195A247-64D4-4B4D-A821-BEFCCDE9B09D}.static_release|Win32.Build.0 = Debug_Boost|Win32
		{6E1D431E-CA1A-4BAC-AAF5-2F2829806A94}.Debug_Boost|Win32.ActiveCfg = Debug|Win32
		{6E1D431E-CA1A-4BAC-AAF5-2F2829806A94}.Debug_Boost|Win32.Build.0 = Debug|Win32
		{6E1D431E-CA1A-4BAC-AAF5-2F2829806A94}.Debug|Win32.ActiveCfg = Debug|Win32
		{6E1D431E-CA1A-4BAC-AAF5-2F2829806A94}.Debug|Win32.Build.0 = Debug|Win32
		{6E1D431E-CA1A-4BAC-AAF5-2F2829806A94}.Release_Boost|Win32.ActiveCfg = Release|Win32
		{6E1D431E-CA1A-4BAC-AAF5-2F2829806A94}.Release_Boost|Win32.Build.0 = Release|Win32
		{6E1D431E-CA1A-4BAC-AAF5-2F2829806A94}.Release|Win32.ActiveCfg = Release|Win32
		{6E1D431E-CA1A-4BAC-AAF5-2F2829806A94}.Release|Win32.Build.0 = Release|Win32
		{6E1D431E-CA1A-4BAC-AAF5-2F2829806A94}.slib_debug|Win32.ActiveCfg = Release|Win32
		{6E1D431E-CA1A-4BAC-AAF5-2F2829806A94}.slib_debug|Win32.Build.0 = Release|Win32
		{6E1D431E-CA1A-4BAC-AAF5-2F2829806A94}.slib_release|Win32.ActiveCfg = Release|Win32
		{6E1D431E-CA1A-4BAC-AAF5-2F2829806A94}.slib_release|Win32.Build.0 = Release|Win32
		{6E1D431E-CA1A-4BAC-AAF5-2F2829806A94}.static_debug|Win32.ActiveCfg = Release|Win32
		{6E1D431E-CA1A-4BAC-AAF5-2F2829806A94}.static_debug|Win32.Build.0 = Release|Win32
		{6E1D431E-CA1A-4BAC-AAF5-2F2829806A94}.static_release|Win32.ActiveCfg = Release|Win32
		{6E1D431E-CA1A-4BAC-AAF5-2F2829806A94}.static_release|Win32.Build.0 = Release|Win32
		{4719EC88-9005-4157-BEF6-E77F304E3F24}.Debug_Boost|Win32.ActiveCfg = Debug_Boost|Win32
		{4719EC88-9005-4157-BEF6-E77F304E3F24}.Debug_Boost|Win32.Build.0 = Debug_Boost|Win32
		{4719EC88-9005-4157-BEF6-E77F304E3F24}.Debug|Win32.ActiveCfg = Debug|Win32
		{4719EC88-9005-4157-BEF6-E77F304E3F24}.Debug|Win32.Build.0 = Debug|Win32
		{4719EC88-9005-4157-BEF6-E77F304E3F24}.Release_Boost|Win32.ActiveCfg = Release_Boost|Win32
		{4719EC88-9005-4157-BEF6-E77F304E3F24}.Release_Boost|Win32.Build.0 = Release_Boost|Win32
		{4719EC88-9005-4157-BEF6-E77F304E3F24}.Release|Win32.ActiveCfg = Release|Win32
		{4719EC88-9005-4157-BEF6-E77F304E3F24}.Release|Win32.Build.0 = Release|Win32
		{4719EC88-9005-4157-BEF6-E77F304E3F24}.slib_debug|Win32.ActiveCfg = Debug_Boost|Win32
		{4719EC88-9005-4157-BEF6-E77F304E3F24}.slib_debug|Win32.Build.0 = Debug_Boost|Win32
		{4719EC88-9005-4157-BEF6-E77F304E3F24}.slib_release|Win32.ActiveCfg = Debug_Boost|Win32
		{4719EC88-9005-4157-BEF6-E77F304E3F24}.slib_release|Win32.Build.0 = Debug_Boost|Win32
		{4719EC88-9005-4157-BEF6-E77F304E3F24}.static_debug|Win32.ActiveCfg = Debug_Boost|Win32
		{4719EC88-9005-4157-BEF6-E77F304E3F24}.static_debug|Win32.Build.0 = Debug_Boost|Win32
		{4719EC88-9005-4157-BEF6-E77F304E3F24}.static_release|Win32.ActiveCfg = Debug_Boost|Win32
		{4719EC88-9005-4157-BEF6-E77F304E3F24}.static_release|Win32.Build.0 = Debug_Boost|Win32
		{05A30C55-A7E9-45CB-A40A-46CABAD6A77E}.Debug_Boost|Win32.ActiveCfg = Debug_Boost|Win32
		{05A30C55-A7E9-45CB-A40A-46CABAD6A77E}.Debug_Boost|Win32.Build.0 = Debug_Boost|Win32
		{05A30C55-A7E9-45CB-A40A-46CABAD6A77E}.Debug|Win32.ActiveCfg = Debug|Win32
		{05A30C55-A7E9-45CB-A40A-46CABAD6A77E}.Debug|Win32.Build.0 = Debug|Win32
		{05A30C55-A7E9-45CB-A40A-46CABAD6A77E}.Release_Boost|Win32.ActiveCfg = Release_Boost|Win32
		{05A30C55-A7E9-45CB-A40A-46CABAD6A77E}.Release_Boost|Win32.Build.0 = Release_Boost|Win32
		{05A30C55-A7E9-45CB-A40A-46CABAD6A77E}.Release|Win32.ActiveCfg = Release|Win32
		{05A30C55-A7E9-45CB-A40A-46CABAD6A77E}.Release|Win32.Build.0 = Release|Win32
		{05A30C55-A7E9-45CB-A40A-46CABAD6A77E}.slib_debug|Win32.ActiveCfg = Debug_Boost|Win32
		{05A30C55-A7E9-45CB-A40A-46CABAD6A77E}.slib_debug|Win32.Build.0 = Debug_Boost|Win32
		{05A30C55-A7E9-45CB-A40A-46CABAD6A77E}.slib_release|Win32.ActiveCfg = Debug_Boost|Win32
		{05A30C55-A7E9-45CB-A40A-46CABAD6A77E}.slib_release|Win32.Build.0 = Debug_Boost|Win32
		{05A30C55-A7E9-45CB-A40A-46CABAD6A77E}.static_debug|Win32.ActiveCfg = Debug_Boost|Win32
		{05A30C55-A7E9-45CB-A40A-46CABAD6A77E}.static_debug|Win32.Build.0 = Debug_Boost|Win32
		{05A30C55-A7E9-45CB-A40A-46CABAD6A77E}.static_release|Win32.ActiveCfg = Debug_Boost|Win32
		{05A30C55-A7E9-45CB-A40A-46CABAD6A77E}.static_release|Win32.Build.0 = Debug_Boost|Win32
		{751A003B-E140-450A-96F8-90367840EB57}.Debug_Boost|Win32.ActiveCfg = Debug_Boost|Win32
		{751A003B-E140-450A-96F8-90367840EB57}.Debug_Boost|Win32.Build.0 = Debug_Boost|Win32
		{751A003B-E140-450A-96F8-90367840EB57}.Debug|Win32.ActiveCfg = Debug|Win32
		{751A003B-E140-450A-96F8-90367840EB57}.Debug|Win32.Build.0 = Debug|Win32
		{751A003B-E140-450A-96F8-90367840EB57}.Release_Boost|Win32.ActiveCfg = Release_Boost|Win32
		{751A003B-E140-450A-96F8-90367840EB57}.Release_Boost|Win32.Build.0 = Release_Boost|Win32
		{751A003B-E140-450A-96F8-90367840EB57}.Release|Win32.ActiveCfg = Release|Win32
		{751A003B-E140-450A-96F8-90367840EB57}.Release|Win32.Build.0 = Release|Win32
		{751A003B-E140-450A-96F8-90367840EB57}.slib_debug|Win32.ActiveCfg = static_release|Win32
		{751A003B-E140-450A-96F8-90367840EB57}.slib_debug|Win32.Build.0 = static_release|Win32
		{751A003B-E140-450A-96F8-90367840EB57}.slib_release|Win32.ActiveCfg = static_release|Win32
		{751A003B-E140-450A-96F8-90367840EB57}.slib_release|Win32.Build.0 = static_release|Win32
		{751A003B-E140-450A-96F8-90367840EB57}.static_debug|Win32.ActiveCfg = static_debug|Win32
		{751A003B-E140-450A-96F8-90367840EB57}.static_debug|Win32.Build.0 = static_debug|Win32
		{751A003B-E140-450A-96F8-90367840EB57}.static_release|Win32.ActiveCfg = static_release|Win32
		{751A003B-E140-450A-96F8-90367840EB57}.static_release|Win32.Build.0 = static_release|Win32
		{88DE6072-BE2C-43FF-BBCE-35B197CE66EA}.Debug_Boost|Win32.ActiveCfg = Debug_Boost|Win32
		{88DE6072-BE2C-43FF-BBCE-35B197CE66EA}.Debug_Boost|Win32.Build.0 = Debug_Boost|Win32
		{88DE6072-BE2C-43FF-BBCE-35B197CE66EA}.Debug|Win32.ActiveCfg = Debug|Win32
		{88DE6072-BE2C-43FF-BBCE-35B197CE66EA}.Debug|Win32.Build.0 = Debug|Win32
		{88DE6072-BE2C-43FF-BBCE-35B197CE66EA}.Release_Boost|Win32.ActiveCfg = Release_Boost|Win32
		{88DE6072-BE2C-43FF-BBCE-35B197CE66EA}.Release_Boost|Win32.Build.0 = Release_Boost|Win32
		{88DE6072-BE2C-43FF-BBCE-35B197CE66EA}.Release|Win32.ActiveCfg = Release|Win32
		{88DE6072-BE2C-43FF-BBCE-35B197CE66EA}.Release|Win32.Build.0 = Release|Win32
		{88DE6072-BE2C-43FF-BBCE-35B197CE66EA}.slib_debug|Win32.ActiveCfg = Debug_Boost|Win32
		{88DE6072-BE2C-43FF-BBCE-35B197CE66EA}.slib_debug|Win32.Build.0 = Debug_Boost|Win32
		{88DE6072-BE2C-43FF-BBCE-35B197CE66EA}.slib_release|Win32.ActiveCfg = Debug_Boost|Win32
		{88DE6072-BE2C-43FF-BBCE-35B197CE66EA}.slib_release|Win32.Build.0 = Debug_Boost|Win32
		{88DE6072-BE2C-43FF-BBCE-35B197CE66EA}.static_debug|Win32.ActiveCfg = Debug_Boost|Win32
		{88DE6072-BE2C-43FF-BBCE-35B197CE66EA}.static_debug|Win32.Build.0 = Debug_Boost|Win32
		{88DE6072-BE2C-43FF-BBCE-35B197CE66EA}.static_release|Win32.ActiveCfg = Debug_Boost|Win32
		{88DE6072-BE2C-43FF-BBCE-35B197CE66EA}.static_release|Win32.Build.0 = Debug_Boost|Win32
		{528DEBDD-0756-491B-A2AB-5C993B0361E4}.Debug_Boost|Win32.ActiveCfg = Debug_Boost|Win32
		{528DEBDD-0756-491B-A2AB-5C993B0361E4}.Debug_Boost|Win32.Build.0 = Debug_Boost|Win32
		{528DEBDD-0756-491B-A2AB-5C993B0361E4}.Debug|Win32.ActiveCfg = Debug|Win32
		{528DEBDD-0756-491B-A2AB-5C993B0361E4}.Debug|Win32.Build.0 = Debug|Win32
		{528DEBDD-0756-491B-A2AB-5C993B0361E4}.Release_Boost|Win32.ActiveCfg = Release_Boost|Win32
		{528DEBDD-0756-491B-A2AB-5C993B0361E4}.Release_Boost|Win32.Build.0 = Release_Boost|Win32
		{528DEBDD-0756-491B-A2AB-5C993B0361E4}.Release|Win32.ActiveCfg = Release|Win32
		{528DEBDD-0756-491B-A2AB-5C993B0361E4}.Release|Win32.Build.0 = Release|Win32
		{528DEBDD-0756-491B-A2AB-5C993B0361E4}.slib_debug|Win32.ActiveCfg = Debug_Boost|Win32
		{528DEBDD-0756-491B-A2AB-5C993B0361E4}.slib_debug|Win32.Build.0 = Debug_Boost|Win32
		{528DEBDD-0756-491B-A2AB-5C993B0361E4}.slib_release|Win32.ActiveCfg = Debug_Boost|Win32
		{528DEBDD-0756-491B-A2AB-5C993B0361E4}.slib_release|Win32.Build.0 = Debug_Boost|Win32
		{528DEBDD-0756-491B-A2AB-5C993B0361E4}.static_debug|Win32.ActiveCfg = Debug_Boost|Win32
		{528DEBDD-0756-491B-A2AB-5C993B0361E4}.static_debug|Win32.Build.0 = Debug_Boost|Win32
		{528DEBDD-0756-491B-A2AB-5C993B0361E4}.static_release|Win32.ActiveCfg = Debug_Boost|Win32
		{528DEBDD-0756-491B-A2AB-5C993B0361E4}.static_release|Win32.Build.0 = Debug_Boost|Win32
	EndGlobalSection
	GlobalSection(SolutionProperties) = preSolution
		HideSolutionNode = FALSE
	EndGlobalSection
EndGlobal
