<?xml version="1.0" encoding="utf-8"?>
<Project ToolsVersion="4.0" xmlns="http://schemas.microsoft.com/developer/msbuild/2003">
  <ItemGroup>
    <ClInclude Include="Lzui.h" />
    <ClInclude Include="stdafx.h" />
    <ClInclude Include="UIButton.h" />
    <ClInclude Include="UICheckBox.h" />
    <ClInclude Include="UIConfig.h" />
    <ClInclude Include="UIControl.h" />
    <ClInclude Include="UIDefine.h" />
    <ClInclude Include="UIEdit.h" />
    <ClInclude Include="UIEditorCtl.h" />
    <ClInclude Include="UIFactory.h" />
    <ClInclude Include="UIForm.h" />
    <ClInclude Include="UIGuiMgr.h" />
    <ClInclude Include="UIImage.h" />
    <ClInclude Include="UILabel.h" />
    <ClInclude Include="UIProxy.h" />
    <ClInclude Include="UIRender.h" />
    <ClInclude Include="UISlidebar.h" />
    <ClInclude Include="UISprite.h" />
  </ItemGroup>
  <ItemGroup>
    <ClCompile Include="stdafx.cpp" />
    <ClCompile Include="UIButton.cpp" />
    <ClCompile Include="UICheckBox.cpp" />
    <ClCompile Include="UIControl.cpp" />
    <ClCompile Include="UIDefine.cpp" />
    <ClCompile Include="UIEdit.cpp" />
    <ClCompile Include="UIEditorCtl.cpp" />
    <ClCompile Include="UIFactory.cpp" />
    <ClCompile Include="UIForm.cpp" />
    <ClCompile Include="UIGuiMgr.cpp" />
    <ClCompile Include="UIImage.cpp" />
    <ClCompile Include="UILabel.cpp" />
    <ClCompile Include="UIProxy.cpp" />
    <ClCompile Include="UIRender.cpp" />
    <ClCompile Include="UISlidebar.cpp" />
    <ClCompile Include="UISprite.cpp" />
  </ItemGroup>
</Project>