<?xml version="1.0" encoding="utf-8"?>
<Project ToolsVersion="4.0" xmlns="http://schemas.microsoft.com/developer/msbuild/2003">
  <ItemGroup>
    <ClCompile Include="AnimModel.cpp" />
    <ClCompile Include="App.cpp" />
    <ClCompile Include="Billboard.cpp" />
    <ClCompile Include="CallBack.cpp" />
    <ClCompile Include="Collision.cpp" />
    <ClCompile Include="cube.cpp" />
    <ClCompile Include="Entity.cpp" />
    <ClCompile Include="Face.cpp" />
    <ClCompile Include="FPS.cpp" />
    <ClCompile Include="Keyboard.cpp" />
    <ClCompile Include="Light.cpp" />
    <ClCompile Include="LRCLoader.cpp" />
    <ClCompile Include="Material.cpp" />
    <ClCompile Include="Model.cpp" />
    <ClCompile Include="ModelFactory.cpp" />
    <ClCompile Include="MusicPlayer.cpp" />
    <ClCompile Include="Particle.cpp" />
    <ClCompile Include="Physics.cpp" />
    <ClCompile Include="Pick.cpp" />
    <ClCompile Include="RenderRes.cpp" />
    <ClCompile Include="SceneFog.cpp" />
    <ClCompile Include="SkyBox.cpp" />
    <ClCompile Include="Snow.cpp" />
    <ClCompile Include="Sound.cpp" />
    <ClCompile Include="square.cpp" />
    <ClCompile Include="StaticModel.cpp" />
    <ClCompile Include="stdafx.cpp" />
    <ClCompile Include="TerrainChunk.cpp" />
    <ClCompile Include="TerrainItem.cpp" />
    <ClCompile Include="TerrinData.cpp" />
    <ClCompile Include="TerrinMap.cpp" />
    <ClCompile Include="TextTexture.cpp" />
    <ClCompile Include="TopBoard.cpp" />
    <ClCompile Include="SceneNode.cpp" />
    <ClCompile Include="Camera.cpp" />
    <ClCompile Include="Projecction.cpp" />
  </ItemGroup>
  <ItemGroup>
    <ClInclude Include="AnimModel.h" />
    <ClInclude Include="App.h" />
    <ClInclude Include="Base.h" />
    <ClInclude Include="Billboard.h" />
    <ClInclude Include="CallBack.h" />
    <ClInclude Include="Collision.h" />
    <ClInclude Include="Commen.h" />
    <ClInclude Include="Core.h" />
    <ClInclude Include="Cube.h" />
    <ClInclude Include="dlist.h" />
    <ClInclude Include="Entity.h" />
    <ClInclude Include="Face.h" />
    <ClInclude Include="FPS.h" />
    <ClInclude Include="Keyboard.h" />
    <ClInclude Include="Light.h" />
    <ClInclude Include="LRCLoader.h" />
    <ClInclude Include="Material.h" />
    <ClInclude Include="mlist.h" />
    <ClInclude Include="Model.h" />
    <ClInclude Include="ModelFactory.h" />
    <ClInclude Include="MusicPlayer.h" />
    <ClInclude Include="particle.h" />
    <ClInclude Include="Physics.h" />
    <ClInclude Include="Pick.h" />
    <ClInclude Include="RenderObj.h" />
    <ClInclude Include="RenderRes.h" />
    <ClInclude Include="RenderTask.h" />
    <ClInclude Include="SceneFog.h" />
    <ClInclude Include="SkyBox.h" />
    <ClInclude Include="Snow.h" />
    <ClInclude Include="Sound.h" />
    <ClInclude Include="Square.h" />
    <ClInclude Include="StaticModel.h" />
    <ClInclude Include="stdafx.h" />
    <ClInclude Include="TerrainChunk.h" />
    <ClInclude Include="TerrainItem.h" />
    <ClInclude Include="TerrinData.h" />
    <ClInclude Include="TerrinMap.h" />
    <ClInclude Include="TextTexture.h" />
    <ClInclude Include="TopBoard.h" />
    <ClInclude Include="SceneNode.h" />
    <ClInclude Include="Camera.h" />
    <ClInclude Include="Projection.h" />
  </ItemGroup>
</Project>