<?xml version="1.0" encoding="utf-8"?>
<Project ToolsVersion="4.0" xmlns="http://schemas.microsoft.com/developer/msbuild/2003">
  <ItemGroup>
    <ClCompile Include="stdafx.cpp" />
    <ClCompile Include="AnimModel.cpp">
      <Filter>model</Filter>
    </ClCompile>
    <ClCompile Include="StaticModel.cpp">
      <Filter>model</Filter>
    </ClCompile>
    <ClCompile Include="Model.cpp">
      <Filter>model</Filter>
    </ClCompile>
    <ClCompile Include="ModelFactory.cpp">
      <Filter>model</Filter>
    </ClCompile>
    <ClCompile Include="Billboard.cpp">
      <Filter>misc</Filter>
    </ClCompile>
    <ClCompile Include="App.cpp">
      <Filter>app</Filter>
    </ClCompile>
    <ClCompile Include="Camera.cpp">
      <Filter>scene</Filter>
    </ClCompile>
    <ClCompile Include="Entity.cpp">
      <Filter>scene</Filter>
    </ClCompile>
    <ClCompile Include="Particle.cpp">
      <Filter>pariticle</Filter>
    </ClCompile>
    <ClCompile Include="Snow.cpp">
      <Filter>pariticle</Filter>
    </ClCompile>
    <ClCompile Include="TerrainChunk.cpp">
      <Filter>terrain</Filter>
    </ClCompile>
    <ClCompile Include="TerrainItem.cpp">
      <Filter>terrain</Filter>
    </ClCompile>
    <ClCompile Include="TerrinData.cpp">
      <Filter>terrain</Filter>
    </ClCompile>
    <ClCompile Include="TerrinMap.cpp">
      <Filter>terrain</Filter>
    </ClCompile>
    <ClCompile Include="Collision.cpp">
      <Filter>scene</Filter>
    </ClCompile>
    <ClCompile Include="Face.cpp">
      <Filter>misc</Filter>
    </ClCompile>
    <ClCompile Include="Light.cpp">
      <Filter>misc</Filter>
    </ClCompile>
    <ClCompile Include="Material.cpp">
      <Filter>misc</Filter>
    </ClCompile>
    <ClCompile Include="LRCLoader.cpp">
      <Filter>music</Filter>
    </ClCompile>
    <ClCompile Include="MusicPlayer.cpp">
      <Filter>music</Filter>
    </ClCompile>
    <ClCompile Include="Physics.cpp">
      <Filter>scene</Filter>
    </ClCompile>
    <ClCompile Include="Pick.cpp">
      <Filter>scene</Filter>
    </ClCompile>
    <ClCompile Include="Projection.cpp">
      <Filter>scene</Filter>
    </ClCompile>
    <ClCompile Include="SceneNode.cpp">
      <Filter>scene</Filter>
    </ClCompile>
    <ClCompile Include="Sound.cpp">
      <Filter>music</Filter>
    </ClCompile>
    <ClCompile Include="TextTexture.cpp">
      <Filter>misc</Filter>
    </ClCompile>
    <ClCompile Include="TopBoard.cpp">
      <Filter>misc</Filter>
    </ClCompile>
    <ClCompile Include="SkyBox.cpp">
      <Filter>misc</Filter>
    </ClCompile>
    <ClCompile Include="SceneFog.cpp">
      <Filter>misc</Filter>
    </ClCompile>
    <ClCompile Include="Keyboard.cpp">
      <Filter>app</Filter>
    </ClCompile>
  </ItemGroup>
  <ItemGroup>
    <ClInclude Include="stdafx.h" />
    <ClInclude Include="AnimModel.h">
      <Filter>model</Filter>
    </ClInclude>
    <ClInclude Include="StaticModel.h">
      <Filter>model</Filter>
    </ClInclude>
    <ClInclude Include="Model.h">
      <Filter>model</Filter>
    </ClInclude>
    <ClInclude Include="ModelFactory.h">
      <Filter>model</Filter>
    </ClInclude>
    <ClInclude Include="Billboard.h">
      <Filter>misc</Filter>
    </ClInclude>
    <ClInclude Include="App.h">
      <Filter>app</Filter>
    </ClInclude>
    <ClInclude Include="Base.h">
      <Filter>app</Filter>
    </ClInclude>
    <ClInclude Include="Commen.h">
      <Filter>app</Filter>
    </ClInclude>
    <ClInclude Include="Core.h">
      <Filter>app</Filter>
    </ClInclude>
    <ClInclude Include="Camera.h">
      <Filter>scene</Filter>
    </ClInclude>
    <ClInclude Include="Entity.h">
      <Filter>scene</Filter>
    </ClInclude>
    <ClInclude Include="particle.h">
      <Filter>pariticle</Filter>
    </ClInclude>
    <ClInclude Include="Snow.h">
      <Filter>pariticle</Filter>
    </ClInclude>
    <ClInclude Include="TerrinMap.h">
      <Filter>terrain</Filter>
    </ClInclude>
    <ClInclude Include="TerrainChunk.h">
      <Filter>terrain</Filter>
    </ClInclude>
    <ClInclude Include="TerrainItem.h">
      <Filter>terrain</Filter>
    </ClInclude>
    <ClInclude Include="TerrinData.h">
      <Filter>terrain</Filter>
    </ClInclude>
    <ClInclude Include="Collision.h">
      <Filter>scene</Filter>
    </ClInclude>
    <ClInclude Include="Face.h">
      <Filter>misc</Filter>
    </ClInclude>
    <ClInclude Include="Light.h">
      <Filter>misc</Filter>
    </ClInclude>
    <ClInclude Include="Material.h">
      <Filter>misc</Filter>
    </ClInclude>
    <ClInclude Include="LRCLoader.h">
      <Filter>music</Filter>
    </ClInclude>
    <ClInclude Include="MusicPlayer.h">
      <Filter>music</Filter>
    </ClInclude>
    <ClInclude Include="Physics.h">
      <Filter>scene</Filter>
    </ClInclude>
    <ClInclude Include="Pick.h">
      <Filter>scene</Filter>
    </ClInclude>
    <ClInclude Include="Projection.h">
      <Filter>scene</Filter>
    </ClInclude>
    <ClInclude Include="SceneNode.h">
      <Filter>scene</Filter>
    </ClInclude>
    <ClInclude Include="Sound.h">
      <Filter>music</Filter>
    </ClInclude>
    <ClInclude Include="TopBoard.h">
      <Filter>misc</Filter>
    </ClInclude>
    <ClInclude Include="TextTexture.h">
      <Filter>misc</Filter>
    </ClInclude>
    <ClInclude Include="SkyBox.h">
      <Filter>misc</Filter>
    </ClInclude>
    <ClInclude Include="SceneFog.h">
      <Filter>misc</Filter>
    </ClInclude>
    <ClInclude Include="RenderTask.h">
      <Filter>app</Filter>
    </ClInclude>
    <ClInclude Include="Keyboard.h">
      <Filter>app</Filter>
    </ClInclude>
    <ClInclude Include="RenderInterface.h">
      <Filter>app</Filter>
    </ClInclude>
    <ClInclude Include="CachedList.h">
      <Filter>pariticle</Filter>
    </ClInclude>
  </ItemGroup>
  <ItemGroup>
    <Filter Include="pariticle">
      <UniqueIdentifier>{225427b2-d149-4f34-be2b-01b87c1db99e}</UniqueIdentifier>
    </Filter>
    <Filter Include="model">
      <UniqueIdentifier>{e73a357c-fe26-4efa-9c49-9fc95e6832eb}</UniqueIdentifier>
    </Filter>
    <Filter Include="terrain">
      <UniqueIdentifier>{52bf2463-6065-44be-9ae5-14d7b4f20ee5}</UniqueIdentifier>
    </Filter>
    <Filter Include="app">
      <UniqueIdentifier>{b2f6b2b2-286e-4cfe-a199-9187c4ae526a}</UniqueIdentifier>
    </Filter>
    <Filter Include="scene">
      <UniqueIdentifier>{f3457a79-a2f4-4c7b-a979-073e9ec3936c}</UniqueIdentifier>
    </Filter>
    <Filter Include="misc">
      <UniqueIdentifier>{6343a762-bd90-46a4-9aed-623da9f1bc3e}</UniqueIdentifier>
    </Filter>
    <Filter Include="music">
      <UniqueIdentifier>{086a7849-10f5-4bda-80e9-da8023a1ae3e}</UniqueIdentifier>
    </Filter>
  </ItemGroup>
</Project>